# This file is automatically @generated by Cargo.
# It is not intended for manual editing.
version = 4

[[package]]
name = "saerom-msg"
version = "0.1.0"

[[package]]
name = "saerom-rt"
version = "0.1.0"
dependencies = [
 "saerom-msg",
]

[[package]]
name = "saeromc"
version = "0.1.0"
dependencies = [
 "saerom-msg",
]
