# This file is automatically @generated by Cargo.
# It is not intended for manual editing.
version = 4

[[package]]
name = "saerom-msg"
version = "0.1.0"

[[package]]
name = "saerom-rt"
version = "0.1.0"
dependencies = [
 "saerom-msg",
 "unicode-segmentation",
]

[[package]]
name = "saeromc"
version = "0.1.0"
dependencies = [
 "saerom-msg",
]

[[package]]
name = "unicode-segmentation"
version = "1.13.3"
source = "registry+https://github.com/rust-lang/crates.io-index"
checksum = "c6f5d3c3b1bf09027a88a6bc961fc00497d651009560b5463668dc81b0fa87a8"
